
Microsoft Visual Studio Solution File, Format Version 12.00
# Visual Studio 14
VisualStudioVersion = 14.0.24720.0
MinimumVisualStudioVersion = 10.0.40219.1
Project("{FAE04EC0-301F-11D3-BF4B-00C04F79EFBC}") = "NewRequest.SPA", "NewRequest.SPA\NewRequest.SPA.csproj", "{8ED26A7E-EBBE-45DB-AF60-40C8C44AA7D6}"
EndProject
Project("{FAE04EC0-301F-11D3-BF4B-00C04F79EFBC}") = "NewRequest.Web", "NewRequest.Web\NewRequest.Web.csproj", "{59A95785-9C8C-4601-9B22-DC446AF9756C}"
EndProject
Project("{FAE04EC0-301F-11D3-BF4B-00C04F79EFBC}") = "NewRequest.DAL", "NewRequest.DAL\NewRequest.DAL.csproj", "{3A86CCA2-C518-4C21-80E6-98102EB40DF0}"
EndProject
Project("{FAE04EC0-301F-11D3-BF4B-00C04F79EFBC}") = "NewRequest.Entities", "NewRequest.Entities\NewRequest.Entities.csproj", "{90C917E3-93B8-4DA7-A076-B94D3A8ADC62}"
EndProject
Global
	GlobalSection(SolutionConfigurationPlatforms) = preSolution
		Debug|Any CPU = Debug|Any CPU
		Release|Any CPU = Release|Any CPU
	EndGlobalSection
	GlobalSection(ProjectConfigurationPlatforms) = postSolution
		{8ED26A7E-EBBE-45DB-AF60-40C8C44AA7D6}.Debug|Any CPU.ActiveCfg = Debug|Any CPU
		{8ED26A7E-EBBE-45DB-AF60-40C8C44AA7D6}.Debug|Any CPU.Build.0 = Debug|Any CPU
		{8ED26A7E-EBBE-45DB-AF60-40C8C44AA7D6}.Release|Any CPU.ActiveCfg = Release|Any CPU
		{8ED26A7E-EBBE-45DB-AF60-40C8C44AA7D6}.Release|Any CPU.Build.0 = Release|Any CPU
		{59A95785-9C8C-4601-9B22-DC446AF9756C}.Debug|Any CPU.ActiveCfg = Debug|Any CPU
		{59A95785-9C8C-4601-9B22-DC446AF9756C}.Debug|Any CPU.Build.0 = Debug|Any CPU
		{59A95785-9C8C-4601-9B22-DC446AF9756C}.Release|Any CPU.ActiveCfg = Release|Any CPU
		{59A95785-9C8C-4601-9B22-DC446AF9756C}.Release|Any CPU.Build.0 = Release|Any CPU
		{3A86CCA2-C518-4C21-80E6-98102EB40DF0}.Debug|Any CPU.ActiveCfg = Debug|Any CPU
		{3A86CCA2-C518-4C21-80E6-98102EB40DF0}.Debug|Any CPU.Build.0 = Debug|Any CPU
		{3A86CCA2-C518-4C21-80E6-98102EB40DF0}.Release|Any CPU.ActiveCfg = Release|Any CPU
		{3A86CCA2-C518-4C21-80E6-98102EB40DF0}.Release|Any CPU.Build.0 = Release|Any CPU
		{90C917E3-93B8-4DA7-A076-B94D3A8ADC62}.Debug|Any CPU.ActiveCfg = Debug|Any CPU
		{90C917E3-93B8-4DA7-A076-B94D3A8ADC62}.Debug|Any CPU.Build.0 = Debug|Any CPU
		{90C917E3-93B8-4DA7-A076-B94D3A8ADC62}.Release|Any CPU.ActiveCfg = Release|Any CPU
		{90C917E3-93B8-4DA7-A076-B94D3A8ADC62}.Release|Any CPU.Build.0 = Release|Any CPU
	EndGlobalSection
	GlobalSection(SolutionProperties) = preSolution
		HideSolutionNode = FALSE
	EndGlobalSection
EndGlobal
